
Microsoft Visual Studio Solution File, Format Version 12.00
# Visual Studio Version 17
VisualStudioVersion = 17.5.002.0
MinimumVisualStudioVersion = 10.0.40219.1
Project("{9A19103F-16F7-4668-BE54-9A1E7A4F7556}") = "UserStore", "UserStore.csproj", "{9180FF4E-AD0F-4AE1-AE86-2FAA1434D090}"
EndProject
Global
	GlobalSection(SolutionConfigurationPlatforms) = preSolution
		Debug|Any CPU = Debug|Any CPU
		Release|Any CPU = Release|Any CPU
	EndGlobalSection
	GlobalSection(ProjectConfigurationPlatforms) = postSolution
		{9180FF4E-AD0F-4AE1-AE86-2FAA1434D090}.Debug|Any CPU.ActiveCfg = Debug|Any CPU
		{9180FF4E-AD0F-4AE1-AE86-2FAA1434D090}.Debug|Any CPU.Build.0 = Debug|Any CPU
		{9180FF4E-AD0F-4AE1-AE86-2FAA1434D090}.Release|Any CPU.ActiveCfg = Release|Any CPU
		{9180FF4E-AD0F-4AE1-AE86-2FAA1434D090}.Release|Any CPU.Build.0 = Release|Any CPU
	EndGlobalSection
	GlobalSection(SolutionProperties) = preSolution
		HideSolutionNode = FALSE
	EndGlobalSection
	GlobalSection(ExtensibilityGlobals) = postSolution
		SolutionGuid = {FEA6C561-115E-4441-B3E7-244C39A49CDD}
	EndGlobalSection
EndGlobal
